
Microsoft Visual Studio Solution File, Format Version 12.00
# Visual Studio Version 17
VisualStudioVersion = 17.7.34031.279
MinimumVisualStudioVersion = 10.0.40219.1
Project("{9A19103F-16F7-4668-BE54-9A1E7A4F7556}") = "Prog6212Poe", "Prog6212Poe\Prog6212Poe.csproj", "{19D9DF17-24EF-4C63-825C-2B4D519DA34B}"
EndProject
Project("{FAE04EC0-301F-11D3-BF4B-00C04F79EFBC}") = "MyTimeWizClassLib", "MyTimeWizClassLib\MyTimeWizClassLib.csproj", "{6AA51F45-4EA3-4F65-BB3A-72F4B7313041}"
EndProject
Global
	GlobalSection(SolutionConfigurationPlatforms) = preSolution
		Debug|Any CPU = Debug|Any CPU
		Release|Any CPU = Release|Any CPU
	EndGlobalSection
	GlobalSection(ProjectConfigurationPlatforms) = postSolution
		{19D9DF17-24EF-4C63-825C-2B4D519DA34B}.Debug|Any CPU.ActiveCfg = Debug|Any CPU
		{19D9DF17-24EF-4C63-825C-2B4D519DA34B}.Debug|Any CPU.Build.0 = Debug|Any CPU
		{19D9DF17-24EF-4C63-825C-2B4D519DA34B}.Release|Any CPU.ActiveCfg = Release|Any CPU
		{19D9DF17-24EF-4C63-825C-2B4D519DA34B}.Release|Any CPU.Build.0 = Release|Any CPU
		{6AA51F45-4EA3-4F65-BB3A-72F4B7313041}.Debug|Any CPU.ActiveCfg = Debug|Any CPU
		{6AA51F45-4EA3-4F65-BB3A-72F4B7313041}.Debug|Any CPU.Build.0 = Debug|Any CPU
		{6AA51F45-4EA3-4F65-BB3A-72F4B7313041}.Release|Any CPU.ActiveCfg = Release|Any CPU
		{6AA51F45-4EA3-4F65-BB3A-72F4B7313041}.Release|Any CPU.Build.0 = Release|Any CPU
	EndGlobalSection
	GlobalSection(SolutionProperties) = preSolution
		HideSolutionNode = FALSE
	EndGlobalSection
	GlobalSection(ExtensibilityGlobals) = postSolution
		SolutionGuid = {5A632F6F-FBA0-4637-A411-6FE38EAF39ED}
	EndGlobalSection
EndGlobal
